// !$*UTF8*$!
{
	archiveVersion = 1;
	classes = {
	};
	objectVersion = 46;
	objects = {

/* Begin PBXBuildFile section */
		7E07D4CE1A1ED82E005737D3 /* main.m in Sources */ = {isa = PBXBuildFile; fileRef = 7E07D4CD1A1ED82E005737D3 /* main.m */; };
		7E07D4D11A1ED82E005737D3 /* AppDelegate.m in Sources */ = {isa = PBXBuildFile; fileRef = 7E07D4D01A1ED82E005737D3 /* AppDelegate.m */; };
		7E07D4D41A1ED82E005737D3 /* ViewController.m in Sources */ = {isa = PBXBuildFile; fileRef = 7E07D4D31A1ED82E005737D3 /* ViewController.m */; };
		7E07D4D71A1ED82E005737D3 /* Main.storyboard in Resources */ = {isa = PBXBuildFile; fileRef = 7E07D4D51A1ED82E005737D3 /* Main.storyboard */; };
		7E07D4D91A1ED82E005737D3 /* Images.xcassets in Resources */ = {isa = PBXBuildFile; fileRef = 7E07D4D81A1ED82E005737D3 /* Images.xcassets */; };
		7E07D4DC1A1ED82E005737D3 /* LaunchScreen.xib in Resources */ = {isa = PBXBuildFile; fileRef = 7E07D4DA1A1ED82E005737D3 /* LaunchScreen.xib */; };
		7E07D4E81A1ED82E005737D3 /* LocalChatTests.m in Sources */ = {isa = PBXBuildFile; fileRef = 7E07D4E71A1ED82E005737D3 /* LocalChatTests.m */; };
/* End PBXBuildFile section */

/* Begin PBXContainerItemProxy section */
		7E07D4E21A1ED82E005737D3 /* PBXContainerItemProxy */ = {
			isa = PBXContainerItemProxy;
			containerPortal = 7E07D4C01A1ED82E005737D3 /* Project object */;
			proxyType = 1;
			remoteGlobalIDString = 7E07D4C71A1ED82E005737D3;
			remoteInfo = LocalChat;
		};
/* End PBXContainerItemProxy section */

/* Begin PBXFileReference section */
		7E07D4C81A1ED82E005737D3 /* LocalChat.app */ = {isa = PBXFileReference; explicitFileType = wrapper.application; includeInIndex = 0; path = LocalChat.app; sourceTree = BUILT_PRODUCTS_DIR; };
		7E07D4CC1A1ED82E005737D3 /* Info.plist */ = {isa = PBXFileReference; lastKnownFileType = text.plist.xml; path = Info.plist; sourceTree = "<group>"; };
		7E07D4CD1A1ED82E005737D3 /* main.m */ = {isa = PBXFileReference; lastKnownFileType = sourcecode.c.objc; path = main.m; sourceTree = "<group>"; };
		7E07D4CF1A1ED82E005737D3 /* AppDelegate.h */ = {isa = PBXFileReference; lastKnownFileType = sourcecode.c.h; path = AppDelegate.h; sourceTree = "<group>"; };
		7E07D4D01A1ED82E005737D3 /* AppDelegate.m */ = {isa = PBXFileReference; lastKnownFileType = sourcecode.c.objc; path = AppDelegate.m; sourceTree = "<group>"; };
		7E07D4D21A1ED82E005737D3 /* ViewController.h */ = {isa = PBXFileReference; lastKnownFileType = sourcecode.c.h; path = ViewController.h; sourceTree = "<group>"; };
		7E07D4D31A1ED82E005737D3 /* ViewController.m */ = {isa = PBXFileReference; lastKnownFileType = sourcecode.c.objc; path = ViewController.m; sourceTree = "<group>"; };
		7E07D4D61A1ED82E005737D3 /* Base */ = {isa = PBXFileReference; lastKnownFileType = file.storyboard; name = Base; path = Base.lproj/Main.storyboard; sourceTree = "<group>"; };
		7E07D4D81A1ED82E005737D3 /* Images.xcassets */ = {isa = PBXFileReference; lastKnownFileType = folder.assetcatalog; path = Images.xcassets; sourceTree = "<group>"; };
		7E07D4DB1A1ED82E005737D3 /* Base */ = {isa = PBXFileReference; lastKnownFileType = file.xib; name = Base; path = Base.lproj/LaunchScreen.xib; sourceTree = "<group>"; };
		7E07D4E11A1ED82E005737D3 /* LocalChatTests.xctest */ = {isa = PBXFileReference; explicitFileType = wrapper.cfbundle; includeInIndex = 0; path = LocalChatTests.xctest; sourceTree = BUILT_PRODUCTS_DIR; };
		7E07D4E61A1ED82E005737D3 /* Info.plist */ = {isa = PBXFileReference; lastKnownFileType = text.plist.xml; path = Info.plist; sourceTree = "<group>"; };
		7E07D4E71A1ED82E005737D3 /* LocalChatTests.m */ = {isa = PBXFileReference; lastKnownFileType = sourcecode.c.objc; path = LocalChatTests.m; sourceTree = "<group>"; };
/* End PBXFileReference section */

/* Begin PBXFrameworksBuildPhase section */
		7E07D4C51A1ED82E005737D3 /* Frameworks */ = {
			isa = PBXFrameworksBuildPhase;
			buildActionMask = 2147483647;
			files = (
			);
			runOnlyForDeploymentPostprocessing = 0;
		};
		7E07D4DE1A1ED82E005737D3 /* Frameworks */ = {
			isa = PBXFrameworksBuildPhase;
			buildActionMask = 2147483647;
			files = (
			);
			runOnlyForDeploymentPostprocessing = 0;
		};
/* End PBXFrameworksBuildPhase section */

/* Begin PBXGroup section */
		7E07D4BF1A1ED82E005737D3 = {
			isa = PBXGroup;
			children = (
				7E07D4CA1A1ED82E005737D3 /* LocalChat */,
				7E07D4E41A1ED82E005737D3 /* LocalChatTests */,
				7E07D4C91A1ED82E005737D3 /* Products */,
			);
			sourceTree = "<group>";
		};
		7E07D4C91A1ED82E005737D3 /* Products */ = {
			isa = PBXGroup;
			children = (
				7E07D4C81A1ED82E005737D3 /* LocalChat.app */,
				7E07D4E11A1ED82E005737D3 /* LocalChatTests.xctest */,
			);
			name = Products;
			sourceTree = "<group>";
		};
		7E07D4CA1A1ED82E005737D3 /* LocalChat */ = {
			isa = PBXGroup;
			children = (
				7E07D4CF1A1ED82E005737D3 /* AppDelegate.h */,
				7E07D4D01A1ED82E005737D3 /* AppDelegate.m */,
				7E07D4D21A1ED82E005737D3 /* ViewController.h */,
				7E07D4D31A1ED82E005737D3 /* ViewController.m */,
				7E07D4D51A1ED82E005737D3 /* Main.storyboard */,
				7E07D4D81A1ED82E005737D3 /* Images.xcassets */,
				7E07D4DA1A1ED82E005737D3 /* LaunchScreen.xib */,
				7E07D4CB1A1ED82E005737D3 /* Supporting Files */,
			);
			path = LocalChat;
			sourceTree = "<group>";
		};
		7E07D4CB1A1ED82E005737D3 /* Supporting Files */ = {
			isa = PBXGroup;
			children = (
				7E07D4CC1A1ED82E005737D3 /* Info.plist */,
				7E07D4CD1A1ED82E005737D3 /* main.m */,
			);
			name = "Supporting Files";
			sourceTree = "<group>";
		};
		7E07D4E41A1ED82E005737D3 /* LocalChatTests */ = {
			isa = PBXGroup;
			children = (
				7E07D4E71A1ED82E005737D3 /* LocalChatTests.m */,
				7E07D4E51A1ED82E005737D3 /* Supporting Files */,
			);
			path = LocalChatTests;
			sourceTree = "<group>";
		};
		7E07D4E51A1ED82E005737D3 /* Supporting Files */ = {
			isa = PBXGroup;
			children = (
				7E07D4E61A1ED82E005737D3 /* Info.plist */,
			);
			name = "Supporting Files";
			sourceTree = "<group>";
		};
/* End PBXGroup section */

/* Begin PBXNativeTarget section */
		7E07D4C71A1ED82E005737D3 /* LocalChat */ = {
			isa = PBXNativeTarget;
			buildConfigurationList = 7E07D4EB1A1ED82E005737D3 /* Build configuration list for PBXNativeTarget "LocalChat" */;
			buildPhases = (
				7E07D4C41A1ED82E005737D3 /* Sources */,
				7E07D4C51A1ED82E005737D3 /* Frameworks */,
				7E07D4C61A1ED82E005737D3 /* Resources */,
			);
			buildRules = (
			);
			dependencies = (
			);
			name = LocalChat;
			productName = LocalChat;
			productReference = 7E07D4C81A1ED82E005737D3 /* LocalChat.app */;
			productType = "com.apple.product-type.application";
		};
		7E07D4E01A1ED82E005737D3 /* LocalChatTests */ = {
			isa = PBXNativeTarget;
			buildConfigurationList = 7E07D4EE1A1ED82E005737D3 /* Build configuration list for PBXNativeTarget "LocalChatTests" */;
			buildPhases = (
				7E07D4DD1A1ED82E005737D3 /* Sources */,
				7E07D4DE1A1ED82E005737D3 /* Frameworks */,
				7E07D4DF1A1ED82E005737D3 /* Resources */,
			);
			buildRules = (
			);
			dependencies = (
				7E07D4E31A1ED82E005737D3 /* PBXTargetDependency */,
			);
			name = LocalChatTests;
			productName = LocalChatTests;
			productReference = 7E07D4E11A1ED82E005737D3 /* LocalChatTests.xctest */;
			productType = "com.apple.product-type.bundle.unit-test";
		};
/* End PBXNativeTarget section */

/* Begin PBXProject section */
		7E07D4C01A1ED82E005737D3 /* Project object */ = {
			isa = PBXProject;
			attributes = {
				LastUpgradeCheck = 0610;
				ORGANIZATIONNAME = "Timothy Winters";
				TargetAttributes = {
					7E07D4C71A1ED82E005737D3 = {
						CreatedOnToolsVersion = 6.1;
					};
					7E07D4E01A1ED82E005737D3 = {
						CreatedOnToolsVersion = 6.1;
						TestTargetID = 7E07D4C71A1ED82E005737D3;
					};
				};
			};
			buildConfigurationList = 7E07D4C31A1ED82E005737D3 /* Build configuration list for PBXProject "LocalChat" */;
			compatibilityVersion = "Xcode 3.2";
			developmentRegion = English;
			hasScannedForEncodings = 0;
			knownRegions = (
				en,
				Base,
			);
			mainGroup = 7E07D4BF1A1ED82E005737D3;
			productRefGroup = 7E07D4C91A1ED82E005737D3 /* Products */;
			projectDirPath = "";
			projectRoot = "";
			targets = (
				7E07D4C71A1ED82E005737D3 /* LocalChat */,
				7E07D4E01A1ED82E005737D3 /* LocalChatTests */,
			);
		};
/* End PBXProject section */

/* Begin PBXResourcesBuildPhase section */
		7E07D4C61A1ED82E005737D3 /* Resources */ = {
			isa = PBXResourcesBuildPhase;
			buildActionMask = 2147483647;
			files = (
				7E07D4D71A1ED82E005737D3 /* Main.storyboard in Resources */,
				7E07D4DC1A1ED82E005737D3 /* LaunchScreen.xib in Resources */,
				7E07D4D91A1ED82E005737D3 /* Images.xcassets in Resources */,
			);
			runOnlyForDeploymentPostprocessing = 0;
		};
		7E07D4DF1A1ED82E005737D3 /* Resources */ = {
			isa = PBXResourcesBuildPhase;
			buildActionMask = 2147483647;
			files = (
			);
			runOnlyForDeploymentPostprocessing = 0;
		};
/* End PBXResourcesBuildPhase section */

/* Begin PBXSourcesBuildPhase section */
		7E07D4C41A1ED82E005737D3 /* Sources */ = {
			isa = PBXSourcesBuildPhase;
			buildActionMask = 2147483647;
			files = (
				7E07D4D41A1ED82E005737D3 /* ViewController.m in Sources */,
				7E07D4D11A1ED82E005737D3 /* AppDelegate.m in Sources */,
				7E07D4CE1A1ED82E005737D3 /* main.m in Sources */,
			);
			runOnlyForDeploymentPostprocessing = 0;
		};
		7E07D4DD1A1ED82E005737D3 /* Sources */ = {
			isa = PBXSourcesBuildPhase;
			buildActionMask = 2147483647;
			files = (
				7E07D4E81A1ED82E005737D3 /* LocalChatTests.m in Sources */,
			);
			runOnlyForDeploymentPostprocessing = 0;
		};
/* End PBXSourcesBuildPhase section */

/* Begin PBXTargetDependency section */
		7E07D4E31A1ED82E005737D3 /* PBXTargetDependency */ = {
			isa = PBXTargetDependency;
			target = 7E07D4C71A1ED82E005737D3 /* LocalChat */;
			targetProxy = 7E07D4E21A1ED82E005737D3 /* PBXContainerItemProxy */;
		};
/* End PBXTargetDependency section */

/* Begin PBXVariantGroup section */
		7E07D4D51A1ED82E005737D3 /* Main.storyboard */ = {
			isa = PBXVariantGroup;
			children = (
				7E07D4D61A1ED82E005737D3 /* Base */,
			);
			name = Main.storyboard;
			sourceTree = "<group>";
		};
		7E07D4DA1A1ED82E005737D3 /* LaunchScreen.xib */ = {
			isa = PBXVariantGroup;
			children = (
				7E07D4DB1A1ED82E005737D3 /* Base */,
			);
			name = LaunchScreen.xib;
			sourceTree = "<group>";
		};
/* End PBXVariantGroup section */

/* Begin XCBuildConfiguration section */
		7E07D4E91A1ED82E005737D3 /* Debug */ = {
			isa = XCBuildConfiguration;
			buildSettings = {
				ALWAYS_SEARCH_USER_PATHS = NO;
				CLANG_CXX_LANGUAGE_STANDARD = "gnu++0x";
				CLANG_CXX_LIBRARY = "libc++";
				CLANG_ENABLE_MODULES = YES;
				CLANG_ENABLE_OBJC_ARC = YES;
				CLANG_WARN_BOOL_CONVERSION = YES;
				CLANG_WARN_CONSTANT_CONVERSION = YES;
				CLANG_WARN_DIRECT_OBJC_ISA_USAGE = YES_ERROR;
				CLANG_WARN_EMPTY_BODY = YES;
				CLANG_WARN_ENUM_CONVERSION = YES;
				CLANG_WARN_INT_CONVERSION = YES;
				CLANG_WARN_OBJC_ROOT_CLASS = YES_ERROR;
				CLANG_WARN_UNREACHABLE_CODE = YES;
				CLANG_WARN__DUPLICATE_METHOD_MATCH = YES;
				"CODE_SIGN_IDENTITY[sdk=iphoneos*]" = "iPhone Developer";
				COPY_PHASE_STRIP = NO;
				ENABLE_STRICT_OBJC_MSGSEND = YES;
				GCC_C_LANGUAGE_STANDARD = gnu99;
				GCC_DYNAMIC_NO_PIC = NO;
				GCC_OPTIMIZATION_LEVEL = 0;
				GCC_PREPROCESSOR_DEFINITIONS = (
					"DEBUG=1",
					"$(inherited)",
				);
				GCC_SYMBOLS_PRIVATE_EXTERN = NO;
				GCC_WARN_64_TO_32_BIT_CONVERSION = YES;
				GCC_WARN_ABOUT_RETURN_TYPE = YES_ERROR;
				GCC_WARN_UNDECLARED_SELECTOR = YES;
				GCC_WARN_UNINITIALIZED_AUTOS = YES_AGGRESSIVE;
				GCC_WARN_UNUSED_FUNCTION = YES;
				GCC_WARN_UNUSED_VARIABLE = YES;
				IPHONEOS_DEPLOYMENT_TARGET = 8.1;
				MTL_ENABLE_DEBUG_INFO = YES;
				ONLY_ACTIVE_ARCH = YES;
				SDKROOT = iphoneos;
			};
			name = Debug;
		};
		7E07D4EA1A1ED82E005737D3 /* Release */ = {
			isa = XCBuildConfiguration;
			buildSettings = {
				ALWAYS_SEARCH_USER_PATHS = NO;
				CLANG_CXX_LANGUAGE_STANDARD = "gnu++0x";
				CLANG_CXX_LIBRARY = "libc++";
				CLANG_ENABLE_MODULES = YES;
				CLANG_ENABLE_OBJC_ARC = YES;
				CLANG_WARN_BOOL_CONVERSION = YES;
				CLANG_WARN_CONSTANT_CONVERSION = YES;
				CLANG_WARN_DIRECT_OBJC_ISA_USAGE = YES_ERROR;
				CLANG_WARN_EMPTY_BODY = YES;
				CLANG_WARN_ENUM_CONVERSION = YES;
				CLANG_WARN_INT_CONVERSION = YES;
				CLANG_WARN_OBJC_ROOT_CLASS = YES_ERROR;
				CLANG_WARN_UNREACHABLE_CODE = YES;
				CLANG_WARN__DUPLICATE_METHOD_MATCH = YES;
				"CODE_SIGN_IDENTITY[sdk=iphoneos*]" = "iPhone Developer";
				COPY_PHASE_STRIP = YES;
				ENABLE_NS_ASSERTIONS = NO;
				ENABLE_STRICT_OBJC_MSGSEND = YES;
				GCC_C_LANGUAGE_STANDARD = gnu99;
				GCC_WARN_64_TO_32_BIT_CONVERSION = YES;
				GCC_WARN_ABOUT_RETURN_TYPE = YES_ERROR;
				GCC_WARN_UNDECLARED_SELECTOR = YES;
				GCC_WARN_UNINITIALIZED_AUTOS = YES_AGGRESSIVE;
				GCC_WARN_UNUSED_FUNCTION = YES;
				GCC_WARN_UNUSED_VARIABLE = YES;
				IPHONEOS_DEPLOYMENT_TARGET = 8.1;
				MTL_ENABLE_DEBUG_INFO = NO;
				SDKROOT = iphoneos;
				VALIDATE_PRODUCT = YES;
			};
			name = Release;
		};
		7E07D4EC1A1ED82E005737D3 /* Debug */ = {
			isa = XCBuildConfiguration;
			buildSettings = {
				ASSETCATALOG_COMPILER_APPICON_NAME = AppIcon;
				INFOPLIST_FILE = LocalChat/Info.plist;
				LD_RUNPATH_SEARCH_PATHS = "$(inherited) @executable_path/Frameworks";
				PRODUCT_NAME = "$(TARGET_NAME)";
			};
			name = Debug;
		};
		7E07D4ED1A1ED82E005737D3 /* Release */ = {
			isa = XCBuildConfiguration;
			buildSettings = {
				ASSETCATALOG_COMPILER_APPICON_NAME = AppIcon;
				INFOPLIST_FILE = LocalChat/Info.plist;
				LD_RUNPATH_SEARCH_PATHS = "$(inherited) @executable_path/Frameworks";
				PRODUCT_NAME = "$(TARGET_NAME)";
			};
			name = Release;
		};
		7E07D4EF1A1ED82E005737D3 /* Debug */ = {
			isa = XCBuildConfiguration;
			buildSettings = {
				BUNDLE_LOADER = "$(TEST_HOST)";
				FRAMEWORK_SEARCH_PATHS = (
					"$(SDKROOT)/Developer/Library/Frameworks",
					"$(inherited)",
				);
				GCC_PREPROCESSOR_DEFINITIONS = (
					"DEBUG=1",
					"$(inherited)",
				);
				INFOPLIST_FILE = LocalChatTests/Info.plist;
				LD_RUNPATH_SEARCH_PATHS = "$(inherited) @executable_path/Frameworks @loader_path/Frameworks";
				PRODUCT_NAME = "$(TARGET_NAME)";
				TEST_HOST = "$(BUILT_PRODUCTS_DIR)/LocalChat.app/LocalChat";
			};
			name = Debug;
		};
		7E07D4F01A1ED82E005737D3 /* Release */ = {
			isa = XCBuildConfiguration;
			buildSettings = {
				BUNDLE_LOADER = "$(TEST_HOST)";
				FRAMEWORK_SEARCH_PATHS = (
					"$(SDKROOT)/Developer/Library/Frameworks",
					"$(inherited)",
				);
				INFOPLIST_FILE = LocalChatTests/Info.plist;
				LD_RUNPATH_SEARCH_PATHS = "$(inherited) @executable_path/Frameworks @loader_path/Frameworks";
				PRODUCT_NAME = "$(TARGET_NAME)";
				TEST_HOST = "$(BUILT_PRODUCTS_DIR)/LocalChat.app/LocalChat";
			};
			name = Release;
		};
/* End XCBuildConfiguration section */

/* Begin XCConfigurationList section */
		7E07D4C31A1ED82E005737D3 /* Build configuration list for PBXProject "LocalChat" */ = {
			isa = XCConfigurationList;
			buildConfigurations = (
				7E07D4E91A1ED82E005737D3 /* Debug */,
				7E07D4EA1A1ED82E005737D3 /* Release */,
			);
			defaultConfigurationIsVisible = 0;
			defaultConfigurationName = Release;
		};
		7E07D4EB1A1ED82E005737D3 /* Build configuration list for PBXNativeTarget "LocalChat" */ = {
			isa = XCConfigurationList;
			buildConfigurations = (
				7E07D4EC1A1ED82E005737D3 /* Debug */,
				7E07D4ED1A1ED82E005737D3 /* Release */,
			);
			defaultConfigurationIsVisible = 0;
		};
		7E07D4EE1A1ED82E005737D3 /* Build configuration list for PBXNativeTarget "LocalChatTests" */ = {
			isa = XCConfigurationList;
			buildConfigurations = (
				7E07D4EF1A1ED82E005737D3 /* Debug */,
				7E07D4F01A1ED82E005737D3 /* Release */,
			);
			defaultConfigurationIsVisible = 0;
		};
/* End XCConfigurationList section */
	};
	rootObject = 7E07D4C01A1ED82E005737D3 /* Project object */;
}
